// !$*UTF8*$!
{
	archiveVersion = 1;
	classes = {
	};
	objectVersion = 46;
	objects = {

/* Begin PBXBuildFile section */
		A86933431C4338DD009AE17D /* main.m in Sources */ = {isa = PBXBuildFile; fileRef = A86933421C4338DD009AE17D /* main.m */; };
		A86933461C4338DD009AE17D /* AppDelegate.m in Sources */ = {isa = PBXBuildFile; fileRef = A86933451C4338DD009AE17D /* AppDelegate.m */; };
		A869334C1C4338DD009AE17D /* Main.storyboard in Resources */ = {isa = PBXBuildFile; fileRef = A869334A1C4338DD009AE17D /* Main.storyboard */; };
		A869334E1C4338DD009AE17D /* Assets.xcassets in Resources */ = {isa = PBXBuildFile; fileRef = A869334D1C4338DD009AE17D /* Assets.xcassets */; };
		A86933511C4338DD009AE17D /* LaunchScreen.storyboard in Resources */ = {isa = PBXBuildFile; fileRef = A869334F1C4338DD009AE17D /* LaunchScreen.storyboard */; };
		A869335A1C433A40009AE17D /* ListViewController.m in Sources */ = {isa = PBXBuildFile; fileRef = A86933591C433A40009AE17D /* ListViewController.m */; };
		A869335D1C434EC4009AE17D /* DetailViewController.m in Sources */ = {isa = PBXBuildFile; fileRef = A869335C1C434EC4009AE17D /* DetailViewController.m */; };
/* End PBXBuildFile section */

/* Begin PBXFileReference section */
		A869333E1C4338DD009AE17D /* DramCatcher.app */ = {isa = PBXFileReference; explicitFileType = wrapper.application; includeInIndex = 0; path = DramCatcher.app; sourceTree = BUILT_PRODUCTS_DIR; };
		A86933421C4338DD009AE17D /* main.m */ = {isa = PBXFileReference; lastKnownFileType = sourcecode.c.objc; path = main.m; sourceTree = "<group>"; };
		A86933441C4338DD009AE17D /* AppDelegate.h */ = {isa = PBXFileReference; lastKnownFileType = sourcecode.c.h; path = AppDelegate.h; sourceTree = "<group>"; };
		A86933451C4338DD009AE17D /* AppDelegate.m */ = {isa = PBXFileReference; lastKnownFileType = sourcecode.c.objc; path = AppDelegate.m; sourceTree = "<group>"; };
		A869334B1C4338DD009AE17D /* Base */ = {isa = PBXFileReference; lastKnownFileType = file.storyboard; name = Base; path = Base.lproj/Main.storyboard; sourceTree = "<group>"; };
		A869334D1C4338DD009AE17D /* Assets.xcassets */ = {isa = PBXFileReference; lastKnownFileType = folder.assetcatalog; path = Assets.xcassets; sourceTree = "<group>"; };
		A86933501C4338DD009AE17D /* Base */ = {isa = PBXFileReference; lastKnownFileType = file.storyboard; name = Base; path = Base.lproj/LaunchScreen.storyboard; sourceTree = "<group>"; };
		A86933521C4338DD009AE17D /* Info.plist */ = {isa = PBXFileReference; lastKnownFileType = text.plist.xml; path = Info.plist; sourceTree = "<group>"; };
		A86933581C433A40009AE17D /* ListViewController.h */ = {isa = PBXFileReference; fileEncoding = 4; lastKnownFileType = sourcecode.c.h; name = ListViewController.h; path = ../ListViewController.h; sourceTree = "<group>"; };
		A86933591C433A40009AE17D /* ListViewController.m */ = {isa = PBXFileReference; fileEncoding = 4; lastKnownFileType = sourcecode.c.objc; name = ListViewController.m; path = ../ListViewController.m; sourceTree = "<group>"; };
		A869335B1C434EC4009AE17D /* DetailViewController.h */ = {isa = PBXFileReference; fileEncoding = 4; lastKnownFileType = sourcecode.c.h; path = DetailViewController.h; sourceTree = "<group>"; };
		A869335C1C434EC4009AE17D /* DetailViewController.m */ = {isa = PBXFileReference; fileEncoding = 4; lastKnownFileType = sourcecode.c.objc; path = DetailViewController.m; sourceTree = "<group>"; };
/* End PBXFileReference section */

/* Begin PBXFrameworksBuildPhase section */
		A869333B1C4338DD009AE17D /* Frameworks */ = {
			isa = PBXFrameworksBuildPhase;
			buildActionMask = 2147483647;
			files = (
			);
			runOnlyForDeploymentPostprocessing = 0;
		};
/* End PBXFrameworksBuildPhase section */

/* Begin PBXGroup section */
		A86933351C4338DD009AE17D = {
			isa = PBXGroup;
			children = (
				A86933401C4338DD009AE17D /* DramCatcher */,
				A869333F1C4338DD009AE17D /* Products */,
			);
			sourceTree = "<group>";
		};
		A869333F1C4338DD009AE17D /* Products */ = {
			isa = PBXGroup;
			children = (
				A869333E1C4338DD009AE17D /* DramCatcher.app */,
			);
			name = Products;
			sourceTree = "<group>";
		};
		A86933401C4338DD009AE17D /* DramCatcher */ = {
			isa = PBXGroup;
			children = (
				A86933441C4338DD009AE17D /* AppDelegate.h */,
				A86933451C4338DD009AE17D /* AppDelegate.m */,
				A86933581C433A40009AE17D /* ListViewController.h */,
				A86933591C433A40009AE17D /* ListViewController.m */,
				A869334A1C4338DD009AE17D /* Main.storyboard */,
				A869335B1C434EC4009AE17D /* DetailViewController.h */,
				A869335C1C434EC4009AE17D /* DetailViewController.m */,
				A869334D1C4338DD009AE17D /* Assets.xcassets */,
				A869334F1C4338DD009AE17D /* LaunchScreen.storyboard */,
				A86933521C4338DD009AE17D /* Info.plist */,
				A86933411C4338DD009AE17D /* Supporting Files */,
			);
			path = DramCatcher;
			sourceTree = "<group>";
		};
		A86933411C4338DD009AE17D /* Supporting Files */ = {
			isa = PBXGroup;
			children = (
				A86933421C4338DD009AE17D /* main.m */,
			);
			name = "Supporting Files";
			sourceTree = "<group>";
		};
/* End PBXGroup section */

/* Begin PBXNativeTarget section */
		A869333D1C4338DD009AE17D /* DramCatcher */ = {
			isa = PBXNativeTarget;
			buildConfigurationList = A86933551C4338DD009AE17D /* Build configuration list for PBXNativeTarget "DramCatcher" */;
			buildPhases = (
				A869333A1C4338DD009AE17D /* Sources */,
				A869333B1C4338DD009AE17D /* Frameworks */,
				A869333C1C4338DD009AE17D /* Resources */,
			);
			buildRules = (
			);
			dependencies = (
			);
			name = DramCatcher;
			productName = DramCatcher;
			productReference = A869333E1C4338DD009AE17D /* DramCatcher.app */;
			productType = "com.apple.product-type.application";
		};
/* End PBXNativeTarget section */

/* Begin PBXProject section */
		A86933361C4338DD009AE17D /* Project object */ = {
			isa = PBXProject;
			attributes = {
				LastUpgradeCheck = 0720;
				ORGANIZATIONNAME = MobileMakers;
				TargetAttributes = {
					A869333D1C4338DD009AE17D = {
						CreatedOnToolsVersion = 7.2;
						DevelopmentTeam = 49JZECUHR3;
					};
				};
			};
			buildConfigurationList = A86933391C4338DD009AE17D /* Build configuration list for PBXProject "DramCatcher" */;
			compatibilityVersion = "Xcode 3.2";
			developmentRegion = English;
			hasScannedForEncodings = 0;
			knownRegions = (
				en,
				Base,
			);
			mainGroup = A86933351C4338DD009AE17D;
			productRefGroup = A869333F1C4338DD009AE17D /* Products */;
			projectDirPath = "";
			projectRoot = "";
			targets = (
				A869333D1C4338DD009AE17D /* DramCatcher */,
			);
		};
/* End PBXProject section */

/* Begin PBXResourcesBuildPhase section */
		A869333C1C4338DD009AE17D /* Resources */ = {
			isa = PBXResourcesBuildPhase;
			buildActionMask = 2147483647;
			files = (
				A86933511C4338DD009AE17D /* LaunchScreen.storyboard in Resources */,
				A869334E1C4338DD009AE17D /* Assets.xcassets in Resources */,
				A869334C1C4338DD009AE17D /* Main.storyboard in Resources */,
			);
			runOnlyForDeploymentPostprocessing = 0;
		};
/* End PBXResourcesBuildPhase section */

/* Begin PBXSourcesBuildPhase section */
		A869333A1C4338DD009AE17D /* Sources */ = {
			isa = PBXSourcesBuildPhase;
			buildActionMask = 2147483647;
			files = (
				A86933461C4338DD009AE17D /* AppDelegate.m in Sources */,
				A86933431C4338DD009AE17D /* main.m in Sources */,
				A869335A1C433A40009AE17D /* ListViewController.m in Sources */,
				A869335D1C434EC4009AE17D /* DetailViewController.m in Sources */,
			);
			runOnlyForDeploymentPostprocessing = 0;
		};
/* End PBXSourcesBuildPhase section */

/* Begin PBXVariantGroup section */
		A869334A1C4338DD009AE17D /* Main.storyboard */ = {
			isa = PBXVariantGroup;
			children = (
				A869334B1C4338DD009AE17D /* Base */,
			);
			name = Main.storyboard;
			sourceTree = "<group>";
		};
		A869334F1C4338DD009AE17D /* LaunchScreen.storyboard */ = {
			isa = PBXVariantGroup;
			children = (
				A86933501C4338DD009AE17D /* Base */,
			);
			name = LaunchScreen.storyboard;
			sourceTree = "<group>";
		};
/* End PBXVariantGroup section */

/* Begin XCBuildConfiguration section */
		A86933531C4338DD009AE17D /* Debug */ = {
			isa = XCBuildConfiguration;
			buildSettings = {
				ALWAYS_SEARCH_USER_PATHS = NO;
				CLANG_CXX_LANGUAGE_STANDARD = "gnu++0x";
				CLANG_CXX_LIBRARY = "libc++";
				CLANG_ENABLE_MODULES = YES;
				CLANG_ENABLE_OBJC_ARC = YES;
				CLANG_WARN_BOOL_CONVERSION = YES;
				CLANG_WARN_CONSTANT_CONVERSION = YES;
				CLANG_WARN_DIRECT_OBJC_ISA_USAGE = YES_ERROR;
				CLANG_WARN_EMPTY_BODY = YES;
				CLANG_WARN_ENUM_CONVERSION = YES;
				CLANG_WARN_INT_CONVERSION = YES;
				CLANG_WARN_OBJC_ROOT_CLASS = YES_ERROR;
				CLANG_WARN_UNREACHABLE_CODE = YES;
				CLANG_WARN__DUPLICATE_METHOD_MATCH = YES;
				"CODE_SIGN_IDENTITY[sdk=iphoneos*]" = "iPhone Developer";
				COPY_PHASE_STRIP = NO;
				DEBUG_INFORMATION_FORMAT = dwarf;
				ENABLE_STRICT_OBJC_MSGSEND = YES;
				ENABLE_TESTABILITY = YES;
				GCC_C_LANGUAGE_STANDARD = gnu99;
				GCC_DYNAMIC_NO_PIC = NO;
				GCC_NO_COMMON_BLOCKS = YES;
				GCC_OPTIMIZATION_LEVEL = 0;
				GCC_PREPROCESSOR_DEFINITIONS = (
					"DEBUG=1",
					"$(inherited)",
				);
				GCC_WARN_64_TO_32_BIT_CONVERSION = YES;
				GCC_WARN_ABOUT_RETURN_TYPE = YES_ERROR;
				GCC_WARN_UNDECLARED_SELECTOR = YES;
				GCC_WARN_UNINITIALIZED_AUTOS = YES_AGGRESSIVE;
				GCC_WARN_UNUSED_FUNCTION = YES;
				GCC_WARN_UNUSED_VARIABLE = YES;
				IPHONEOS_DEPLOYMENT_TARGET = 9.2;
				MTL_ENABLE_DEBUG_INFO = YES;
				ONLY_ACTIVE_ARCH = YES;
				SDKROOT = iphoneos;
			};
			name = Debug;
		};
		A86933541C4338DD009AE17D /* Release */ = {
			isa = XCBuildConfiguration;
			buildSettings = {
				ALWAYS_SEARCH_USER_PATHS = NO;
				CLANG_CXX_LANGUAGE_STANDARD = "gnu++0x";
				CLANG_CXX_LIBRARY = "libc++";
				CLANG_ENABLE_MODULES = YES;
				CLANG_ENABLE_OBJC_ARC = YES;
				CLANG_WARN_BOOL_CONVERSION = YES;
				CLANG_WARN_CONSTANT_CONVERSION = YES;
				CLANG_WARN_DIRECT_OBJC_ISA_USAGE = YES_ERROR;
				CLANG_WARN_EMPTY_BODY = YES;
				CLANG_WARN_ENUM_CONVERSION = YES;
				CLANG_WARN_INT_CONVERSION = YES;
				CLANG_WARN_OBJC_ROOT_CLASS = YES_ERROR;
				CLANG_WARN_UNREACHABLE_CODE = YES;
				CLANG_WARN__DUPLICATE_METHOD_MATCH = YES;
				"CODE_SIGN_IDENTITY[sdk=iphoneos*]" = "iPhone Developer";
				COPY_PHASE_STRIP = NO;
				DEBUG_INFORMATION_FORMAT = "dwarf-with-dsym";
				ENABLE_NS_ASSERTIONS = NO;
				ENABLE_STRICT_OBJC_MSGSEND = YES;
				GCC_C_LANGUAGE_STANDARD = gnu99;
				GCC_NO_COMMON_BLOCKS = YES;
				GCC_WARN_64_TO_32_BIT_CONVERSION = YES;
				GCC_WARN_ABOUT_RETURN_TYPE = YES_ERROR;
				GCC_WARN_UNDECLARED_SELECTOR = YES;
				GCC_WARN_UNINITIALIZED_AUTOS = YES_AGGRESSIVE;
				GCC_WARN_UNUSED_FUNCTION = YES;
				GCC_WARN_UNUSED_VARIABLE = YES;
				IPHONEOS_DEPLOYMENT_TARGET = 9.2;
				MTL_ENABLE_DEBUG_INFO = NO;
				SDKROOT = iphoneos;
				VALIDATE_PRODUCT = YES;
			};
			name = Release;
		};
		A86933561C4338DD009AE17D /* Debug */ = {
			isa = XCBuildConfiguration;
			buildSettings = {
				ASSETCATALOG_COMPILER_APPICON_NAME = AppIcon;
				INFOPLIST_FILE = DramCatcher/Info.plist;
				LD_RUNPATH_SEARCH_PATHS = "$(inherited) @executable_path/Frameworks";
				PRODUCT_BUNDLE_IDENTIFIER = mobilemakers.DramCatcher;
				PRODUCT_NAME = "$(TARGET_NAME)";
			};
			name = Debug;
		};
		A86933571C4338DD009AE17D /* Release */ = {
			isa = XCBuildConfiguration;
			buildSettings = {
				ASSETCATALOG_COMPILER_APPICON_NAME = AppIcon;
				INFOPLIST_FILE = DramCatcher/Info.plist;
				LD_RUNPATH_SEARCH_PATHS = "$(inherited) @executable_path/Frameworks";
				PRODUCT_BUNDLE_IDENTIFIER = mobilemakers.DramCatcher;
				PRODUCT_NAME = "$(TARGET_NAME)";
			};
			name = Release;
		};
/* End XCBuildConfiguration section */

/* Begin XCConfigurationList section */
		A86933391C4338DD009AE17D /* Build configuration list for PBXProject "DramCatcher" */ = {
			isa = XCConfigurationList;
			buildConfigurations = (
				A86933531C4338DD009AE17D /* Debug */,
				A86933541C4338DD009AE17D /* Release */,
			);
			defaultConfigurationIsVisible = 0;
			defaultConfigurationName = Release;
		};
		A86933551C4338DD009AE17D /* Build configuration list for PBXNativeTarget "DramCatcher" */ = {
			isa = XCConfigurationList;
			buildConfigurations = (
				A86933561C4338DD009AE17D /* Debug */,
				A86933571C4338DD009AE17D /* Release */,
			);
			defaultConfigurationIsVisible = 0;
		};
/* End XCConfigurationList section */
	};
	rootObject = A86933361C4338DD009AE17D /* Project object */;
}
